// !$*UTF8*$!
{
	archiveVersion = 1;
	classes = {
	};
	objectVersion = 46;
	objects = {

/* Begin PBXBuildFile section */
		4A4F836D1B6BBE8400BEA4D9 /* AppDelegate.swift in Sources */ = {isa = PBXBuildFile; fileRef = 4A4F836C1B6BBE8400BEA4D9 /* AppDelegate.swift */; };
		4A4F836F1B6BBE8400BEA4D9 /* ViewController.swift in Sources */ = {isa = PBXBuildFile; fileRef = 4A4F836E1B6BBE8400BEA4D9 /* ViewController.swift */; };
		4A4F83721B6BBE8400BEA4D9 /* Main.storyboard in Resources */ = {isa = PBXBuildFile; fileRef = 4A4F83701B6BBE8400BEA4D9 /* Main.storyboard */; };
		4A4F83741B6BBE8400BEA4D9 /* Images.xcassets in Resources */ = {isa = PBXBuildFile; fileRef = 4A4F83731B6BBE8400BEA4D9 /* Images.xcassets */; };
		4A4F83771B6BBE8400BEA4D9 /* LaunchScreen.xib in Resources */ = {isa = PBXBuildFile; fileRef = 4A4F83751B6BBE8400BEA4D9 /* LaunchScreen.xib */; };
		4A4F83831B6BBE8400BEA4D9 /* AudioTests.swift in Sources */ = {isa = PBXBuildFile; fileRef = 4A4F83821B6BBE8400BEA4D9 /* AudioTests.swift */; };
/* End PBXBuildFile section */

/* Begin PBXContainerItemProxy section */
		4A4F837D1B6BBE8400BEA4D9 /* PBXContainerItemProxy */ = {
			isa = PBXContainerItemProxy;
			containerPortal = 4A4F835F1B6BBE8400BEA4D9 /* Project object */;
			proxyType = 1;
			remoteGlobalIDString = 4A4F83661B6BBE8400BEA4D9;
			remoteInfo = Audio;
		};
/* End PBXContainerItemProxy section */

/* Begin PBXFileReference section */
		4A4F83671B6BBE8400BEA4D9 /* Audio.app */ = {isa = PBXFileReference; explicitFileType = wrapper.application; includeInIndex = 0; path = Audio.app; sourceTree = BUILT_PRODUCTS_DIR; };
		4A4F836B1B6BBE8400BEA4D9 /* Info.plist */ = {isa = PBXFileReference; lastKnownFileType = text.plist.xml; path = Info.plist; sourceTree = "<group>"; };
		4A4F836C1B6BBE8400BEA4D9 /* AppDelegate.swift */ = {isa = PBXFileReference; lastKnownFileType = sourcecode.swift; path = AppDelegate.swift; sourceTree = "<group>"; };
		4A4F836E1B6BBE8400BEA4D9 /* ViewController.swift */ = {isa = PBXFileReference; lastKnownFileType = sourcecode.swift; path = ViewController.swift; sourceTree = "<group>"; };
		4A4F83711B6BBE8400BEA4D9 /* Base */ = {isa = PBXFileReference; lastKnownFileType = file.storyboard; name = Base; path = Base.lproj/Main.storyboard; sourceTree = "<group>"; };
		4A4F83731B6BBE8400BEA4D9 /* Images.xcassets */ = {isa = PBXFileReference; lastKnownFileType = folder.assetcatalog; path = Images.xcassets; sourceTree = "<group>"; };
		4A4F83761B6BBE8400BEA4D9 /* Base */ = {isa = PBXFileReference; lastKnownFileType = file.xib; name = Base; path = Base.lproj/LaunchScreen.xib; sourceTree = "<group>"; };
		4A4F837C1B6BBE8400BEA4D9 /* AudioTests.xctest */ = {isa = PBXFileReference; explicitFileType = wrapper.cfbundle; includeInIndex = 0; path = AudioTests.xctest; sourceTree = BUILT_PRODUCTS_DIR; };
		4A4F83811B6BBE8400BEA4D9 /* Info.plist */ = {isa = PBXFileReference; lastKnownFileType = text.plist.xml; path = Info.plist; sourceTree = "<group>"; };
		4A4F83821B6BBE8400BEA4D9 /* AudioTests.swift */ = {isa = PBXFileReference; lastKnownFileType = sourcecode.swift; path = AudioTests.swift; sourceTree = "<group>"; };
/* End PBXFileReference section */

/* Begin PBXFrameworksBuildPhase section */
		4A4F83641B6BBE8400BEA4D9 /* Frameworks */ = {
			isa = PBXFrameworksBuildPhase;
			buildActionMask = 2147483647;
			files = (
			);
			runOnlyForDeploymentPostprocessing = 0;
		};
		4A4F83791B6BBE8400BEA4D9 /* Frameworks */ = {
			isa = PBXFrameworksBuildPhase;
			buildActionMask = 2147483647;
			files = (
			);
			runOnlyForDeploymentPostprocessing = 0;
		};
/* End PBXFrameworksBuildPhase section */

/* Begin PBXGroup section */
		4A4F835E1B6BBE8400BEA4D9 = {
			isa = PBXGroup;
			children = (
				4A4F83691B6BBE8400BEA4D9 /* Audio */,
				4A4F837F1B6BBE8400BEA4D9 /* AudioTests */,
				4A4F83681B6BBE8400BEA4D9 /* Products */,
			);
			sourceTree = "<group>";
		};
		4A4F83681B6BBE8400BEA4D9 /* Products */ = {
			isa = PBXGroup;
			children = (
				4A4F83671B6BBE8400BEA4D9 /* Audio.app */,
				4A4F837C1B6BBE8400BEA4D9 /* AudioTests.xctest */,
			);
			name = Products;
			sourceTree = "<group>";
		};
		4A4F83691B6BBE8400BEA4D9 /* Audio */ = {
			isa = PBXGroup;
			children = (
				4A4F836C1B6BBE8400BEA4D9 /* AppDelegate.swift */,
				4A4F836E1B6BBE8400BEA4D9 /* ViewController.swift */,
				4A4F83701B6BBE8400BEA4D9 /* Main.storyboard */,
				4A4F83731B6BBE8400BEA4D9 /* Images.xcassets */,
				4A4F83751B6BBE8400BEA4D9 /* LaunchScreen.xib */,
				4A4F836A1B6BBE8400BEA4D9 /* Supporting Files */,
			);
			path = Audio;
			sourceTree = "<group>";
		};
		4A4F836A1B6BBE8400BEA4D9 /* Supporting Files */ = {
			isa = PBXGroup;
			children = (
				4A4F836B1B6BBE8400BEA4D9 /* Info.plist */,
			);
			name = "Supporting Files";
			sourceTree = "<group>";
		};
		4A4F837F1B6BBE8400BEA4D9 /* AudioTests */ = {
			isa = PBXGroup;
			children = (
				4A4F83821B6BBE8400BEA4D9 /* AudioTests.swift */,
				4A4F83801B6BBE8400BEA4D9 /* Supporting Files */,
			);
			path = AudioTests;
			sourceTree = "<group>";
		};
		4A4F83801B6BBE8400BEA4D9 /* Supporting Files */ = {
			isa = PBXGroup;
			children = (
				4A4F83811B6BBE8400BEA4D9 /* Info.plist */,
			);
			name = "Supporting Files";
			sourceTree = "<group>";
		};
/* End PBXGroup section */

/* Begin PBXNativeTarget section */
		4A4F83661B6BBE8400BEA4D9 /* Audio */ = {
			isa = PBXNativeTarget;
			buildConfigurationList = 4A4F83861B6BBE8400BEA4D9 /* Build configuration list for PBXNativeTarget "Audio" */;
			buildPhases = (
				4A4F83631B6BBE8400BEA4D9 /* Sources */,
				4A4F83641B6BBE8400BEA4D9 /* Frameworks */,
				4A4F83651B6BBE8400BEA4D9 /* Resources */,
			);
			buildRules = (
			);
			dependencies = (
			);
			name = Audio;
			productName = Audio;
			productReference = 4A4F83671B6BBE8400BEA4D9 /* Audio.app */;
			productType = "com.apple.product-type.application";
		};
		4A4F837B1B6BBE8400BEA4D9 /* AudioTests */ = {
			isa = PBXNativeTarget;
			buildConfigurationList = 4A4F83891B6BBE8400BEA4D9 /* Build configuration list for PBXNativeTarget "AudioTests" */;
			buildPhases = (
				4A4F83781B6BBE8400BEA4D9 /* Sources */,
				4A4F83791B6BBE8400BEA4D9 /* Frameworks */,
				4A4F837A1B6BBE8400BEA4D9 /* Resources */,
			);
			buildRules = (
			);
			dependencies = (
				4A4F837E1B6BBE8400BEA4D9 /* PBXTargetDependency */,
			);
			name = AudioTests;
			productName = AudioTests;
			productReference = 4A4F837C1B6BBE8400BEA4D9 /* AudioTests.xctest */;
			productType = "com.apple.product-type.bundle.unit-test";
		};
/* End PBXNativeTarget section */

/* Begin PBXProject section */
		4A4F835F1B6BBE8400BEA4D9 /* Project object */ = {
			isa = PBXProject;
			attributes = {
				LastUpgradeCheck = 0640;
				ORGANIZATIONNAME = cassol;
				TargetAttributes = {
					4A4F83661B6BBE8400BEA4D9 = {
						CreatedOnToolsVersion = 6.4;
					};
					4A4F837B1B6BBE8400BEA4D9 = {
						CreatedOnToolsVersion = 6.4;
						TestTargetID = 4A4F83661B6BBE8400BEA4D9;
					};
				};
			};
			buildConfigurationList = 4A4F83621B6BBE8400BEA4D9 /* Build configuration list for PBXProject "Audio" */;
			compatibilityVersion = "Xcode 3.2";
			developmentRegion = English;
			hasScannedForEncodings = 0;
			knownRegions = (
				en,
				Base,
			);
			mainGroup = 4A4F835E1B6BBE8400BEA4D9;
			productRefGroup = 4A4F83681B6BBE8400BEA4D9 /* Products */;
			projectDirPath = "";
			projectRoot = "";
			targets = (
				4A4F83661B6BBE8400BEA4D9 /* Audio */,
				4A4F837B1B6BBE8400BEA4D9 /* AudioTests */,
			);
		};
/* End PBXProject section */

/* Begin PBXResourcesBuildPhase section */
		4A4F83651B6BBE8400BEA4D9 /* Resources */ = {
			isa = PBXResourcesBuildPhase;
			buildActionMask = 2147483647;
			files = (
				4A4F83721B6BBE8400BEA4D9 /* Main.storyboard in Resources */,
				4A4F83771B6BBE8400BEA4D9 /* LaunchScreen.xib in Resources */,
				4A4F83741B6BBE8400BEA4D9 /* Images.xcassets in Resources */,
			);
			runOnlyForDeploymentPostprocessing = 0;
		};
		4A4F837A1B6BBE8400BEA4D9 /* Resources */ = {
			isa = PBXResourcesBuildPhase;
			buildActionMask = 2147483647;
			files = (
			);
			runOnlyForDeploymentPostprocessing = 0;
		};
/* End PBXResourcesBuildPhase section */

/* Begin PBXSourcesBuildPhase section */
		4A4F83631B6BBE8400BEA4D9 /* Sources */ = {
			isa = PBXSourcesBuildPhase;
			buildActionMask = 2147483647;
			files = (
				4A4F836F1B6BBE8400BEA4D9 /* ViewController.swift in Sources */,
				4A4F836D1B6BBE8400BEA4D9 /* AppDelegate.swift in Sources */,
			);
			runOnlyForDeploymentPostprocessing = 0;
		};
		4A4F83781B6BBE8400BEA4D9 /* Sources */ = {
			isa = PBXSourcesBuildPhase;
			buildActionMask = 2147483647;
			files = (
				4A4F83831B6BBE8400BEA4D9 /* AudioTests.swift in Sources */,
			);
			runOnlyForDeploymentPostprocessing = 0;
		};
/* End PBXSourcesBuildPhase section */

/* Begin PBXTargetDependency section */
		4A4F837E1B6BBE8400BEA4D9 /* PBXTargetDependency */ = {
			isa = PBXTargetDependency;
			target = 4A4F83661B6BBE8400BEA4D9 /* Audio */;
			targetProxy = 4A4F837D1B6BBE8400BEA4D9 /* PBXContainerItemProxy */;
		};
/* End PBXTargetDependency section */

/* Begin PBXVariantGroup section */
		4A4F83701B6BBE8400BEA4D9 /* Main.storyboard */ = {
			isa = PBXVariantGroup;
			children = (
				4A4F83711B6BBE8400BEA4D9 /* Base */,
			);
			name = Main.storyboard;
			sourceTree = "<group>";
		};
		4A4F83751B6BBE8400BEA4D9 /* LaunchScreen.xib */ = {
			isa = PBXVariantGroup;
			children = (
				4A4F83761B6BBE8400BEA4D9 /* Base */,
			);
			name = LaunchScreen.xib;
			sourceTree = "<group>";
		};
/* End PBXVariantGroup section */

/* Begin XCBuildConfiguration section */
		4A4F83841B6BBE8400BEA4D9 /* Debug */ = {
			isa = XCBuildConfiguration;
			buildSettings = {
				ALWAYS_SEARCH_USER_PATHS = NO;
				CLANG_CXX_LANGUAGE_STANDARD = "gnu++0x";
				CLANG_CXX_LIBRARY = "libc++";
				CLANG_ENABLE_MODULES = YES;
				CLANG_ENABLE_OBJC_ARC = YES;
				CLANG_WARN_BOOL_CONVERSION = YES;
				CLANG_WARN_CONSTANT_CONVERSION = YES;
				CLANG_WARN_DIRECT_OBJC_ISA_USAGE = YES_ERROR;
				CLANG_WARN_EMPTY_BODY = YES;
				CLANG_WARN_ENUM_CONVERSION = YES;
				CLANG_WARN_INT_CONVERSION = YES;
				CLANG_WARN_OBJC_ROOT_CLASS = YES_ERROR;
				CLANG_WARN_UNREACHABLE_CODE = YES;
				CLANG_WARN__DUPLICATE_METHOD_MATCH = YES;
				"CODE_SIGN_IDENTITY[sdk=iphoneos*]" = "iPhone Developer";
				COPY_PHASE_STRIP = NO;
				DEBUG_INFORMATION_FORMAT = "dwarf-with-dsym";
				ENABLE_STRICT_OBJC_MSGSEND = YES;
				GCC_C_LANGUAGE_STANDARD = gnu99;
				GCC_DYNAMIC_NO_PIC = NO;
				GCC_NO_COMMON_BLOCKS = YES;
				GCC_OPTIMIZATION_LEVEL = 0;
				GCC_PREPROCESSOR_DEFINITIONS = (
					"DEBUG=1",
					"$(inherited)",
				);
				GCC_SYMBOLS_PRIVATE_EXTERN = NO;
				GCC_WARN_64_TO_32_BIT_CONVERSION = YES;
				GCC_WARN_ABOUT_RETURN_TYPE = YES_ERROR;
				GCC_WARN_UNDECLARED_SELECTOR = YES;
				GCC_WARN_UNINITIALIZED_AUTOS = YES_AGGRESSIVE;
				GCC_WARN_UNUSED_FUNCTION = YES;
				GCC_WARN_UNUSED_VARIABLE = YES;
				IPHONEOS_DEPLOYMENT_TARGET = 8.4;
				MTL_ENABLE_DEBUG_INFO = YES;
				ONLY_ACTIVE_ARCH = YES;
				SDKROOT = iphoneos;
				SWIFT_OPTIMIZATION_LEVEL = "-Onone";
			};
			name = Debug;
		};
		4A4F83851B6BBE8400BEA4D9 /* Release */ = {
			isa = XCBuildConfiguration;
			buildSettings = {
				ALWAYS_SEARCH_USER_PATHS = NO;
				CLANG_CXX_LANGUAGE_STANDARD = "gnu++0x";
				CLANG_CXX_LIBRARY = "libc++";
				CLANG_ENABLE_MODULES = YES;
				CLANG_ENABLE_OBJC_ARC = YES;
				CLANG_WARN_BOOL_CONVERSION = YES;
				CLANG_WARN_CONSTANT_CONVERSION = YES;
				CLANG_WARN_DIRECT_OBJC_ISA_USAGE = YES_ERROR;
				CLANG_WARN_EMPTY_BODY = YES;
				CLANG_WARN_ENUM_CONVERSION = YES;
				CLANG_WARN_INT_CONVERSION = YES;
				CLANG_WARN_OBJC_ROOT_CLASS = YES_ERROR;
				CLANG_WARN_UNREACHABLE_CODE = YES;
				CLANG_WARN__DUPLICATE_METHOD_MATCH = YES;
				"CODE_SIGN_IDENTITY[sdk=iphoneos*]" = "iPhone Developer";
				COPY_PHASE_STRIP = NO;
				DEBUG_INFORMATION_FORMAT = "dwarf-with-dsym";
				ENABLE_NS_ASSERTIONS = NO;
				ENABLE_STRICT_OBJC_MSGSEND = YES;
				GCC_C_LANGUAGE_STANDARD = gnu99;
				GCC_NO_COMMON_BLOCKS = YES;
				GCC_WARN_64_TO_32_BIT_CONVERSION = YES;
				GCC_WARN_ABOUT_RETURN_TYPE = YES_ERROR;
				GCC_WARN_UNDECLARED_SELECTOR = YES;
				GCC_WARN_UNINITIALIZED_AUTOS = YES_AGGRESSIVE;
				GCC_WARN_UNUSED_FUNCTION = YES;
				GCC_WARN_UNUSED_VARIABLE = YES;
				IPHONEOS_DEPLOYMENT_TARGET = 8.4;
				MTL_ENABLE_DEBUG_INFO = NO;
				SDKROOT = iphoneos;
				VALIDATE_PRODUCT = YES;
			};
			name = Release;
		};
		4A4F83871B6BBE8400BEA4D9 /* Debug */ = {
			isa = XCBuildConfiguration;
			buildSettings = {
				ASSETCATALOG_COMPILER_APPICON_NAME = AppIcon;
				INFOPLIST_FILE = Audio/Info.plist;
				LD_RUNPATH_SEARCH_PATHS = "$(inherited) @executable_path/Frameworks";
				PRODUCT_NAME = "$(TARGET_NAME)";
			};
			name = Debug;
		};
		4A4F83881B6BBE8400BEA4D9 /* Release */ = {
			isa = XCBuildConfiguration;
			buildSettings = {
				ASSETCATALOG_COMPILER_APPICON_NAME = AppIcon;
				INFOPLIST_FILE = Audio/Info.plist;
				LD_RUNPATH_SEARCH_PATHS = "$(inherited) @executable_path/Frameworks";
				PRODUCT_NAME = "$(TARGET_NAME)";
			};
			name = Release;
		};
		4A4F838A1B6BBE8400BEA4D9 /* Debug */ = {
			isa = XCBuildConfiguration;
			buildSettings = {
				BUNDLE_LOADER = "$(TEST_HOST)";
				FRAMEWORK_SEARCH_PATHS = (
					"$(SDKROOT)/Developer/Library/Frameworks",
					"$(inherited)",
				);
				GCC_PREPROCESSOR_DEFINITIONS = (
					"DEBUG=1",
					"$(inherited)",
				);
				INFOPLIST_FILE = AudioTests/Info.plist;
				LD_RUNPATH_SEARCH_PATHS = "$(inherited) @executable_path/Frameworks @loader_path/Frameworks";
				PRODUCT_NAME = "$(TARGET_NAME)";
				TEST_HOST = "$(BUILT_PRODUCTS_DIR)/Audio.app/Audio";
			};
			name = Debug;
		};
		4A4F838B1B6BBE8400BEA4D9 /* Release */ = {
			isa = XCBuildConfiguration;
			buildSettings = {
				BUNDLE_LOADER = "$(TEST_HOST)";
				FRAMEWORK_SEARCH_PATHS = (
					"$(SDKROOT)/Developer/Library/Frameworks",
					"$(inherited)",
				);
				INFOPLIST_FILE = AudioTests/Info.plist;
				LD_RUNPATH_SEARCH_PATHS = "$(inherited) @executable_path/Frameworks @loader_path/Frameworks";
				PRODUCT_NAME = "$(TARGET_NAME)";
				TEST_HOST = "$(BUILT_PRODUCTS_DIR)/Audio.app/Audio";
			};
			name = Release;
		};
/* End XCBuildConfiguration section */

/* Begin XCConfigurationList section */
		4A4F83621B6BBE8400BEA4D9 /* Build configuration list for PBXProject "Audio" */ = {
			isa = XCConfigurationList;
			buildConfigurations = (
				4A4F83841B6BBE8400BEA4D9 /* Debug */,
				4A4F83851B6BBE8400BEA4D9 /* Release */,
			);
			defaultConfigurationIsVisible = 0;
			defaultConfigurationName = Release;
		};
		4A4F83861B6BBE8400BEA4D9 /* Build configuration list for PBXNativeTarget "Audio" */ = {
			isa = XCConfigurationList;
			buildConfigurations = (
				4A4F83871B6BBE8400BEA4D9 /* Debug */,
				4A4F83881B6BBE8400BEA4D9 /* Release */,
			);
			defaultConfigurationIsVisible = 0;
		};
		4A4F83891B6BBE8400BEA4D9 /* Build configuration list for PBXNativeTarget "AudioTests" */ = {
			isa = XCConfigurationList;
			buildConfigurations = (
				4A4F838A1B6BBE8400BEA4D9 /* Debug */,
				4A4F838B1B6BBE8400BEA4D9 /* Release */,
			);
			defaultConfigurationIsVisible = 0;
		};
/* End XCConfigurationList section */
	};
	rootObject = 4A4F835F1B6BBE8400BEA4D9 /* Project object */;
}
